
Microsoft Visual Studio Solution File, Format Version 12.00
# Visual Studio 2013
VisualStudioVersion = 12.0.21005.1
MinimumVisualStudioVersion = 10.0.40219.1
Project("{FAE04EC0-301F-11D3-BF4B-00C04F79EFBC}") = "CommunitySite.Web", "CommunitySite.Web\CommunitySite.Web.csproj", "{DEF3E885-2556-4DEA-9D1C-6672E094DFC0}"
EndProject
Project("{FAE04EC0-301F-11D3-BF4B-00C04F79EFBC}") = "CommunitySite.Web.Tests", "CommunitySite.Web.Tests\CommunitySite.Web.Tests.csproj", "{45D4A10B-E21C-414C-862E-B2AE50BF7C68}"
EndProject
Global
	GlobalSection(SolutionConfigurationPlatforms) = preSolution
		Debug|Any CPU = Debug|Any CPU
		Release|Any CPU = Release|Any CPU
	EndGlobalSection
	GlobalSection(ProjectConfigurationPlatforms) = postSolution
		{DEF3E885-2556-4DEA-9D1C-6672E094DFC0}.Debug|Any CPU.ActiveCfg = Debug|Any CPU
		{DEF3E885-2556-4DEA-9D1C-6672E094DFC0}.Debug|Any CPU.Build.0 = Debug|Any CPU
		{DEF3E885-2556-4DEA-9D1C-6672E094DFC0}.Release|Any CPU.ActiveCfg = Release|Any CPU
		{DEF3E885-2556-4DEA-9D1C-6672E094DFC0}.Release|Any CPU.Build.0 = Release|Any CPU
		{45D4A10B-E21C-414C-862E-B2AE50BF7C68}.Debug|Any CPU.ActiveCfg = Debug|Any CPU
		{45D4A10B-E21C-414C-862E-B2AE50BF7C68}.Debug|Any CPU.Build.0 = Debug|Any CPU
		{45D4A10B-E21C-414C-862E-B2AE50BF7C68}.Release|Any CPU.ActiveCfg = Release|Any CPU
		{45D4A10B-E21C-414C-862E-B2AE50BF7C68}.Release|Any CPU.Build.0 = Release|Any CPU
	EndGlobalSection
	GlobalSection(SolutionProperties) = preSolution
		HideSolutionNode = FALSE
	EndGlobalSection
EndGlobal
